
Microsoft Visual Studio Solution File, Format Version 12.00
# Visual Studio Version 16
VisualStudioVersion = 16.0.30114.105
MinimumVisualStudioVersion = 10.0.40219.1
Project("{FAE04EC0-301F-11D3-BF4B-00C04F79EFBC}") = "BaltaStoreMs.Order.Domain", "BaltaStoreMs.Order.Domain\BaltaStoreMs.Order.Domain.csproj", "{5F9DA15C-67F2-46DA-98A7-487339A7D83B}"
EndProject
Project("{FAE04EC0-301F-11D3-BF4B-00C04F79EFBC}") = "BaltaStoreMs.Payment.Domain", "BaltaStoreMs.Payment.Domain\BaltaStoreMs.Payment.Domain.csproj", "{E4E54124-9B5F-485A-B9D3-A2BE7D3A6A79}"
EndProject
Project("{FAE04EC0-301F-11D3-BF4B-00C04F79EFBC}") = "BaltaStoreMs.Shipping.Domain", "BaltaStoreMs.Shipping.Domain\BaltaStoreMs.Shipping.Domain.csproj", "{4FC8C21C-B237-4320-8BCA-247A0D9E0CB7}"
EndProject
Project("{2150E333-8FDC-42A3-9474-1A3956D46DE8}") = "Contexts", "Contexts", "{60EEB054-05B0-4AA5-8B7B-D414C5441AEA}"
EndProject
Project("{2150E333-8FDC-42A3-9474-1A3956D46DE8}") = "OrderContext", "OrderContext", "{17F36A49-F127-437E-9603-CEA821CA9D0F}"
EndProject
Project("{2150E333-8FDC-42A3-9474-1A3956D46DE8}") = "PaymentContext", "PaymentContext", "{0B0F7354-1025-458C-822F-0E18BF55223F}"
EndProject
Project("{2150E333-8FDC-42A3-9474-1A3956D46DE8}") = "ShippingContext", "ShippingContext", "{430335FA-A7E4-448E-9726-9CF43245FDB5}"
EndProject
Project("{FAE04EC0-301F-11D3-BF4B-00C04F79EFBC}") = "BaltaStoreMs.SharedContext", "BaltaStoreMs.SharedContext\BaltaStoreMs.SharedContext.csproj", "{E2367A41-B1C1-45D0-9D36-E57000FBF24E}"
EndProject
Project("{FAE04EC0-301F-11D3-BF4B-00C04F79EFBC}") = "BaltaStoreMs.Order.Infra", "BaltaStoreMs.Order.Infra\BaltaStoreMs.Order.Infra.csproj", "{A5050C75-8D4B-4CCA-9BCF-A96F1F4ADD3F}"
EndProject
Global
	GlobalSection(SolutionConfigurationPlatforms) = preSolution
		Debug|Any CPU = Debug|Any CPU
		Debug|x64 = Debug|x64
		Debug|x86 = Debug|x86
		Release|Any CPU = Release|Any CPU
		Release|x64 = Release|x64
		Release|x86 = Release|x86
	EndGlobalSection
	GlobalSection(SolutionProperties) = preSolution
		HideSolutionNode = FALSE
	EndGlobalSection
	GlobalSection(ProjectConfigurationPlatforms) = postSolution
		{5F9DA15C-67F2-46DA-98A7-487339A7D83B}.Debug|Any CPU.ActiveCfg = Debug|Any CPU
		{5F9DA15C-67F2-46DA-98A7-487339A7D83B}.Debug|Any CPU.Build.0 = Debug|Any CPU
		{5F9DA15C-67F2-46DA-98A7-487339A7D83B}.Debug|x64.ActiveCfg = Debug|Any CPU
		{5F9DA15C-67F2-46DA-98A7-487339A7D83B}.Debug|x64.Build.0 = Debug|Any CPU
		{5F9DA15C-67F2-46DA-98A7-487339A7D83B}.Debug|x86.ActiveCfg = Debug|Any CPU
		{5F9DA15C-67F2-46DA-98A7-487339A7D83B}.Debug|x86.Build.0 = Debug|Any CPU
		{5F9DA15C-67F2-46DA-98A7-487339A7D83B}.Release|Any CPU.ActiveCfg = Release|Any CPU
		{5F9DA15C-67F2-46DA-98A7-487339A7D83B}.Release|Any CPU.Build.0 = Release|Any CPU
		{5F9DA15C-67F2-46DA-98A7-487339A7D83B}.Release|x64.ActiveCfg = Release|Any CPU
		{5F9DA15C-67F2-46DA-98A7-487339A7D83B}.Release|x64.Build.0 = Release|Any CPU
		{5F9DA15C-67F2-46DA-98A7-487339A7D83B}.Release|x86.ActiveCfg = Release|Any CPU
		{5F9DA15C-67F2-46DA-98A7-487339A7D83B}.Release|x86.Build.0 = Release|Any CPU
		{E4E54124-9B5F-485A-B9D3-A2BE7D3A6A79}.Debug|Any CPU.ActiveCfg = Debug|Any CPU
		{E4E54124-9B5F-485A-B9D3-A2BE7D3A6A79}.Debug|Any CPU.Build.0 = Debug|Any CPU
		{E4E54124-9B5F-485A-B9D3-A2BE7D3A6A79}.Debug|x64.ActiveCfg = Debug|Any CPU
		{E4E54124-9B5F-485A-B9D3-A2BE7D3A6A79}.Debug|x64.Build.0 = Debug|Any CPU
		{E4E54124-9B5F-485A-B9D3-A2BE7D3A6A79}.Debug|x86.ActiveCfg = Debug|Any CPU
		{E4E54124-9B5F-485A-B9D3-A2BE7D3A6A79}.Debug|x86.Build.0 = Debug|Any CPU
		{E4E54124-9B5F-485A-B9D3-A2BE7D3A6A79}.Release|Any CPU.ActiveCfg = Release|Any CPU
		{E4E54124-9B5F-485A-B9D3-A2BE7D3A6A79}.Release|Any CPU.Build.0 = Release|Any CPU
		{E4E54124-9B5F-485A-B9D3-A2BE7D3A6A79}.Release|x64.ActiveCfg = Release|Any CPU
		{E4E54124-9B5F-485A-B9D3-A2BE7D3A6A79}.Release|x64.Build.0 = Release|Any CPU
		{E4E54124-9B5F-485A-B9D3-A2BE7D3A6A79}.Release|x86.ActiveCfg = Release|Any CPU
		{E4E54124-9B5F-485A-B9D3-A2BE7D3A6A79}.Release|x86.Build.0 = Release|Any CPU
		{4FC8C21C-B237-4320-8BCA-247A0D9E0CB7}.Debug|Any CPU.ActiveCfg = Debug|Any CPU
		{4FC8C21C-B237-4320-8BCA-247A0D9E0CB7}.Debug|Any CPU.Build.0 = Debug|Any CPU
		{4FC8C21C-B237-4320-8BCA-247A0D9E0CB7}.Debug|x64.ActiveCfg = Debug|Any CPU
		{4FC8C21C-B237-4320-8BCA-247A0D9E0CB7}.Debug|x64.Build.0 = Debug|Any CPU
		{4FC8C21C-B237-4320-8BCA-247A0D9E0CB7}.Debug|x86.ActiveCfg = Debug|Any CPU
		{4FC8C21C-B237-4320-8BCA-247A0D9E0CB7}.Debug|x86.Build.0 = Debug|Any CPU
		{4FC8C21C-B237-4320-8BCA-247A0D9E0CB7}.Release|Any CPU.ActiveCfg = Release|Any CPU
		{4FC8C21C-B237-4320-8BCA-247A0D9E0CB7}.Release|Any CPU.Build.0 = Release|Any CPU
		{4FC8C21C-B237-4320-8BCA-247A0D9E0CB7}.Release|x64.ActiveCfg = Release|Any CPU
		{4FC8C21C-B237-4320-8BCA-247A0D9E0CB7}.Release|x64.Build.0 = Release|Any CPU
		{4FC8C21C-B237-4320-8BCA-247A0D9E0CB7}.Release|x86.ActiveCfg = Release|Any CPU
		{4FC8C21C-B237-4320-8BCA-247A0D9E0CB7}.Release|x86.Build.0 = Release|Any CPU
		{E2367A41-B1C1-45D0-9D36-E57000FBF24E}.Debug|Any CPU.ActiveCfg = Debug|Any CPU
		{E2367A41-B1C1-45D0-9D36-E57000FBF24E}.Debug|Any CPU.Build.0 = Debug|Any CPU
		{E2367A41-B1C1-45D0-9D36-E57000FBF24E}.Debug|x64.ActiveCfg = Debug|Any CPU
		{E2367A41-B1C1-45D0-9D36-E57000FBF24E}.Debug|x64.Build.0 = Debug|Any CPU
		{E2367A41-B1C1-45D0-9D36-E57000FBF24E}.Debug|x86.ActiveCfg = Debug|Any CPU
		{E2367A41-B1C1-45D0-9D36-E57000FBF24E}.Debug|x86.Build.0 = Debug|Any CPU
		{E2367A41-B1C1-45D0-9D36-E57000FBF24E}.Release|Any CPU.ActiveCfg = Release|Any CPU
		{E2367A41-B1C1-45D0-9D36-E57000FBF24E}.Release|Any CPU.Build.0 = Release|Any CPU
		{E2367A41-B1C1-45D0-9D36-E57000FBF24E}.Release|x64.ActiveCfg = Release|Any CPU
		{E2367A41-B1C1-45D0-9D36-E57000FBF24E}.Release|x64.Build.0 = Release|Any CPU
		{E2367A41-B1C1-45D0-9D36-E57000FBF24E}.Release|x86.ActiveCfg = Release|Any CPU
		{E2367A41-B1C1-45D0-9D36-E57000FBF24E}.Release|x86.Build.0 = Release|Any CPU
		{A5050C75-8D4B-4CCA-9BCF-A96F1F4ADD3F}.Debug|Any CPU.ActiveCfg = Debug|Any CPU
		{A5050C75-8D4B-4CCA-9BCF-A96F1F4ADD3F}.Debug|Any CPU.Build.0 = Debug|Any CPU
		{A5050C75-8D4B-4CCA-9BCF-A96F1F4ADD3F}.Debug|x64.ActiveCfg = Debug|Any CPU
		{A5050C75-8D4B-4CCA-9BCF-A96F1F4ADD3F}.Debug|x64.Build.0 = Debug|Any CPU
		{A5050C75-8D4B-4CCA-9BCF-A96F1F4ADD3F}.Debug|x86.ActiveCfg = Debug|Any CPU
		{A5050C75-8D4B-4CCA-9BCF-A96F1F4ADD3F}.Debug|x86.Build.0 = Debug|Any CPU
		{A5050C75-8D4B-4CCA-9BCF-A96F1F4ADD3F}.Release|Any CPU.ActiveCfg = Release|Any CPU
		{A5050C75-8D4B-4CCA-9BCF-A96F1F4ADD3F}.Release|Any CPU.Build.0 = Release|Any CPU
		{A5050C75-8D4B-4CCA-9BCF-A96F1F4ADD3F}.Release|x64.ActiveCfg = Release|Any CPU
		{A5050C75-8D4B-4CCA-9BCF-A96F1F4ADD3F}.Release|x64.Build.0 = Release|Any CPU
		{A5050C75-8D4B-4CCA-9BCF-A96F1F4ADD3F}.Release|x86.ActiveCfg = Release|Any CPU
		{A5050C75-8D4B-4CCA-9BCF-A96F1F4ADD3F}.Release|x86.Build.0 = Release|Any CPU
	EndGlobalSection
	GlobalSection(NestedProjects) = preSolution
		{17F36A49-F127-437E-9603-CEA821CA9D0F} = {60EEB054-05B0-4AA5-8B7B-D414C5441AEA}
		{0B0F7354-1025-458C-822F-0E18BF55223F} = {60EEB054-05B0-4AA5-8B7B-D414C5441AEA}
		{430335FA-A7E4-448E-9726-9CF43245FDB5} = {60EEB054-05B0-4AA5-8B7B-D414C5441AEA}
		{5F9DA15C-67F2-46DA-98A7-487339A7D83B} = {17F36A49-F127-437E-9603-CEA821CA9D0F}
		{E4E54124-9B5F-485A-B9D3-A2BE7D3A6A79} = {0B0F7354-1025-458C-822F-0E18BF55223F}
		{4FC8C21C-B237-4320-8BCA-247A0D9E0CB7} = {430335FA-A7E4-448E-9726-9CF43245FDB5}
		{E2367A41-B1C1-45D0-9D36-E57000FBF24E} = {60EEB054-05B0-4AA5-8B7B-D414C5441AEA}
		{A5050C75-8D4B-4CCA-9BCF-A96F1F4ADD3F} = {17F36A49-F127-437E-9603-CEA821CA9D0F}
	EndGlobalSection
EndGlobal
